// !$*UTF8*$!
{
	archiveVersion = 1;
	classes = {
	};
	objectVersion = 45;
	objects = {

/* Begin PBXBuildFile section */
		70FA7F2811A59BE60018192C /* SVNRevision.h in Headers */ = {isa = PBXBuildFile; fileRef = 70FA7F2611A59BE60018192C /* SVNRevision.h */; };
		70FA7F2911A59BE60018192C /* SVNRevision.m in Sources */ = {isa = PBXBuildFile; fileRef = 70FA7F2711A59BE60018192C /* SVNRevision.m */; };
		70FA7F2B11A5A2700018192C /* libsvn_client-1.a in Frameworks */ = {isa = PBXBuildFile; fileRef = 70FA7F2A11A5A2700018192C /* libsvn_client-1.a */; };
		70FA7F4E11A5A3F20018192C /* SVNVersion.h in Headers */ = {isa = PBXBuildFile; fileRef = 70FA7F4C11A5A3F20018192C /* SVNVersion.h */; };
		70FA7F4F11A5A3F20018192C /* SVNVersion.m in Sources */ = {isa = PBXBuildFile; fileRef = 70FA7F4D11A5A3F20018192C /* SVNVersion.m */; };
		70FA7F7111A5CED70018192C /* SVNAuthenticationDelegate.h in Headers */ = {isa = PBXBuildFile; fileRef = 70FA7F7011A5CED70018192C /* SVNAuthenticationDelegate.h */; };
		70FA7F7B11A5F06C0018192C /* keychain_auth_provider.h in Headers */ = {isa = PBXBuildFile; fileRef = 70FA7F7911A5F06C0018192C /* keychain_auth_provider.h */; };
		70FA7F7C11A5F06C0018192C /* keychain_auth_provider.c in Sources */ = {isa = PBXBuildFile; fileRef = 70FA7F7A11A5F06C0018192C /* keychain_auth_provider.c */; };
		70FA7F8511A733F70018192C /* AsynchronousInvocation.h in Headers */ = {isa = PBXBuildFile; fileRef = 70FA7F8311A733F70018192C /* AsynchronousInvocation.h */; };
		70FA7F8611A733F70018192C /* AsynchronousInvocation.m in Sources */ = {isa = PBXBuildFile; fileRef = 70FA7F8411A733F70018192C /* AsynchronousInvocation.m */; };
		AA747D9F0F9514B9006C5449 /* SubversionKit_Prefix.pch in Headers */ = {isa = PBXBuildFile; fileRef = AA747D9E0F9514B9006C5449 /* SubversionKit_Prefix.pch */; };
		AACBBE4A0F95108600F1A2B1 /* Foundation.framework in Frameworks */ = {isa = PBXBuildFile; fileRef = AACBBE490F95108600F1A2B1 /* Foundation.framework */; };
/* End PBXBuildFile section */

/* Begin PBXFileReference section */
		70FA7F2611A59BE60018192C /* SVNRevision.h */ = {isa = PBXFileReference; fileEncoding = 4; lastKnownFileType = sourcecode.c.h; path = SVNRevision.h; sourceTree = "<group>"; };
		70FA7F2711A59BE60018192C /* SVNRevision.m */ = {isa = PBXFileReference; fileEncoding = 4; lastKnownFileType = sourcecode.c.objc; path = SVNRevision.m; sourceTree = "<group>"; };
		70FA7F2A11A5A2700018192C /* libsvn_client-1.a */ = {isa = PBXFileReference; lastKnownFileType = archive.ar; name = "libsvn_client-1.a"; path = "/usr/local/iphone/iPhoneOS3.2/lib/libsvn_client-1.a"; sourceTree = "<absolute>"; };
		70FA7F4C11A5A3F20018192C /* SVNVersion.h */ = {isa = PBXFileReference; fileEncoding = 4; lastKnownFileType = sourcecode.c.h; path = SVNVersion.h; sourceTree = "<group>"; };
		70FA7F4D11A5A3F20018192C /* SVNVersion.m */ = {isa = PBXFileReference; fileEncoding = 4; lastKnownFileType = sourcecode.c.objc; path = SVNVersion.m; sourceTree = "<group>"; };
		70FA7F7011A5CED70018192C /* SVNAuthenticationDelegate.h */ = {isa = PBXFileReference; explicitFileType = sourcecode.c.objc; fileEncoding = 4; path = SVNAuthenticationDelegate.h; sourceTree = "<group>"; };
		70FA7F7911A5F06C0018192C /* keychain_auth_provider.h */ = {isa = PBXFileReference; fileEncoding = 4; lastKnownFileType = sourcecode.c.h; path = keychain_auth_provider.h; sourceTree = "<group>"; };
		70FA7F7A11A5F06C0018192C /* keychain_auth_provider.c */ = {isa = PBXFileReference; fileEncoding = 4; lastKnownFileType = sourcecode.c.c; path = keychain_auth_provider.c; sourceTree = "<group>"; };
		70FA7F8311A733F70018192C /* AsynchronousInvocation.h */ = {isa = PBXFileReference; fileEncoding = 4; lastKnownFileType = sourcecode.c.h; path = AsynchronousInvocation.h; sourceTree = "<group>"; };
		70FA7F8411A733F70018192C /* AsynchronousInvocation.m */ = {isa = PBXFileReference; fileEncoding = 4; lastKnownFileType = sourcecode.c.objc; path = AsynchronousInvocation.m; sourceTree = "<group>"; };
		AA747D9E0F9514B9006C5449 /* SubversionKit_Prefix.pch */ = {isa = PBXFileReference; fileEncoding = 4; lastKnownFileType = sourcecode.c.h; path = SubversionKit_Prefix.pch; sourceTree = SOURCE_ROOT; };
		AACBBE490F95108600F1A2B1 /* Foundation.framework */ = {isa = PBXFileReference; lastKnownFileType = wrapper.framework; name = Foundation.framework; path = System/Library/Frameworks/Foundation.framework; sourceTree = SDKROOT; };
		D2AAC07E0554694100DB518D /* libSubversionKit.a */ = {isa = PBXFileReference; explicitFileType = archive.ar; includeInIndex = 0; path = libSubversionKit.a; sourceTree = BUILT_PRODUCTS_DIR; };
/* End PBXFileReference section */

/* Begin PBXFrameworksBuildPhase section */
		D2AAC07C0554694100DB518D /* Frameworks */ = {
			isa = PBXFrameworksBuildPhase;
			buildActionMask = 2147483647;
			files = (
				AACBBE4A0F95108600F1A2B1 /* Foundation.framework in Frameworks */,
				70FA7F2B11A5A2700018192C /* libsvn_client-1.a in Frameworks */,
			);
			runOnlyForDeploymentPostprocessing = 0;
		};
/* End PBXFrameworksBuildPhase section */

/* Begin PBXGroup section */
		034768DFFF38A50411DB9C8B /* Products */ = {
			isa = PBXGroup;
			children = (
				D2AAC07E0554694100DB518D /* libSubversionKit.a */,
			);
			name = Products;
			sourceTree = "<group>";
		};
		0867D691FE84028FC02AAC07 /* SubversionKit */ = {
			isa = PBXGroup;
			children = (
				70FA7F2A11A5A2700018192C /* libsvn_client-1.a */,
				08FB77AEFE84172EC02AAC07 /* Classes */,
				32C88DFF0371C24200C91783 /* Other Sources */,
				0867D69AFE84028FC02AAC07 /* Frameworks */,
				034768DFFF38A50411DB9C8B /* Products */,
			);
			name = SubversionKit;
			sourceTree = "<group>";
		};
		0867D69AFE84028FC02AAC07 /* Frameworks */ = {
			isa = PBXGroup;
			children = (
				AACBBE490F95108600F1A2B1 /* Foundation.framework */,
			);
			name = Frameworks;
			sourceTree = "<group>";
		};
		08FB77AEFE84172EC02AAC07 /* Classes */ = {
			isa = PBXGroup;
			children = (
				70FA7F2611A59BE60018192C /* SVNRevision.h */,
				70FA7F2711A59BE60018192C /* SVNRevision.m */,
				70FA7F4C11A5A3F20018192C /* SVNVersion.h */,
				70FA7F4D11A5A3F20018192C /* SVNVersion.m */,
				70FA7F7011A5CED70018192C /* SVNAuthenticationDelegate.h */,
				70FA7F7911A5F06C0018192C /* keychain_auth_provider.h */,
				70FA7F7A11A5F06C0018192C /* keychain_auth_provider.c */,
				70FA7F8311A733F70018192C /* AsynchronousInvocation.h */,
				70FA7F8411A733F70018192C /* AsynchronousInvocation.m */,
			);
			name = Classes;
			sourceTree = "<group>";
		};
		32C88DFF0371C24200C91783 /* Other Sources */ = {
			isa = PBXGroup;
			children = (
				AA747D9E0F9514B9006C5449 /* SubversionKit_Prefix.pch */,
			);
			name = "Other Sources";
			sourceTree = "<group>";
		};
/* End PBXGroup section */

/* Begin PBXHeadersBuildPhase section */
		D2AAC07A0554694100DB518D /* Headers */ = {
			isa = PBXHeadersBuildPhase;
			buildActionMask = 2147483647;
			files = (
				AA747D9F0F9514B9006C5449 /* SubversionKit_Prefix.pch in Headers */,
				70FA7F2811A59BE60018192C /* SVNRevision.h in Headers */,
				70FA7F4E11A5A3F20018192C /* SVNVersion.h in Headers */,
				70FA7F7111A5CED70018192C /* SVNAuthenticationDelegate.h in Headers */,
				70FA7F7B11A5F06C0018192C /* keychain_auth_provider.h in Headers */,
				70FA7F8511A733F70018192C /* AsynchronousInvocation.h in Headers */,
			);
			runOnlyForDeploymentPostprocessing = 0;
		};
/* End PBXHeadersBuildPhase section */

/* Begin PBXNativeTarget section */
		D2AAC07D0554694100DB518D /* SubversionKit */ = {
			isa = PBXNativeTarget;
			buildConfigurationList = 1DEB921E08733DC00010E9CD /* Build configuration list for PBXNativeTarget "SubversionKit" */;
			buildPhases = (
				D2AAC07A0554694100DB518D /* Headers */,
				D2AAC07B0554694100DB518D /* Sources */,
				D2AAC07C0554694100DB518D /* Frameworks */,
			);
			buildRules = (
			);
			dependencies = (
			);
			name = SubversionKit;
			productName = SubversionKit;
			productReference = D2AAC07E0554694100DB518D /* libSubversionKit.a */;
			productType = "com.apple.product-type.library.static";
		};
/* End PBXNativeTarget section */

/* Begin PBXProject section */
		0867D690FE84028FC02AAC07 /* Project object */ = {
			isa = PBXProject;
			buildConfigurationList = 1DEB922208733DC00010E9CD /* Build configuration list for PBXProject "SubversionKit" */;
			compatibilityVersion = "Xcode 3.1";
			hasScannedForEncodings = 1;
			mainGroup = 0867D691FE84028FC02AAC07 /* SubversionKit */;
			productRefGroup = 034768DFFF38A50411DB9C8B /* Products */;
			projectDirPath = "";
			projectRoot = "";
			targets = (
				D2AAC07D0554694100DB518D /* SubversionKit */,
			);
		};
/* End PBXProject section */

/* Begin PBXSourcesBuildPhase section */
		D2AAC07B0554694100DB518D /* Sources */ = {
			isa = PBXSourcesBuildPhase;
			buildActionMask = 2147483647;
			files = (
				70FA7F2911A59BE60018192C /* SVNRevision.m in Sources */,
				70FA7F4F11A5A3F20018192C /* SVNVersion.m in Sources */,
				70FA7F7C11A5F06C0018192C /* keychain_auth_provider.c in Sources */,
				70FA7F8611A733F70018192C /* AsynchronousInvocation.m in Sources */,
			);
			runOnlyForDeploymentPostprocessing = 0;
		};
/* End PBXSourcesBuildPhase section */

/* Begin XCBuildConfiguration section */
		1DEB921F08733DC00010E9CD /* Debug */ = {
			isa = XCBuildConfiguration;
			buildSettings = {
				ALWAYS_SEARCH_USER_PATHS = NO;
				ARCHS = "$(ARCHS_STANDARD_32_BIT)";
				COPY_PHASE_STRIP = NO;
				DSTROOT = /tmp/SubversionKit.dst;
				GCC_DYNAMIC_NO_PIC = NO;
				GCC_ENABLE_FIX_AND_CONTINUE = YES;
				GCC_MODEL_TUNING = G5;
				GCC_OPTIMIZATION_LEVEL = 0;
				GCC_PRECOMPILE_PREFIX_HEADER = YES;
				GCC_PREFIX_HEADER = SubversionKit_Prefix.pch;
				INSTALL_PATH = /usr/local/lib;
				LIBRARY_SEARCH_PATHS = (
					"$(inherited)",
					/usr/local/iphone/iPhoneOS3.2/lib,
				);
				PRODUCT_NAME = SubversionKit;
			};
			name = Debug;
		};
		1DEB922008733DC00010E9CD /* Release */ = {
			isa = XCBuildConfiguration;
			buildSettings = {
				ALWAYS_SEARCH_USER_PATHS = NO;
				ARCHS = "$(ARCHS_STANDARD_32_BIT)";
				DSTROOT = /tmp/SubversionKit.dst;
				GCC_MODEL_TUNING = G5;
				GCC_PRECOMPILE_PREFIX_HEADER = YES;
				GCC_PREFIX_HEADER = SubversionKit_Prefix.pch;
				INSTALL_PATH = /usr/local/lib;
				LIBRARY_SEARCH_PATHS = (
					"$(inherited)",
					/usr/local/iphone/iPhoneOS3.2/lib,
				);
				PRODUCT_NAME = SubversionKit;
			};
			name = Release;
		};
		1DEB922308733DC00010E9CD /* Debug */ = {
			isa = XCBuildConfiguration;
			buildSettings = {
				ARCHS = "$(ARCHS_STANDARD_32_BIT)";
				GCC_C_LANGUAGE_STANDARD = c99;
				GCC_OPTIMIZATION_LEVEL = 0;
				GCC_WARN_ABOUT_RETURN_TYPE = YES;
				GCC_WARN_UNUSED_VARIABLE = YES;
				HEADER_SEARCH_PATHS = (
					"/usr/local/iphone/iPhoneOS3.2/include/apr-1",
					"/usr/local/iphone/iPhoneOS3.2/include/subversion-1",
				);
				OTHER_LDFLAGS = "-ObjC";
				PREBINDING = NO;
				SDKROOT = iphoneos3.2;
			};
			name = Debug;
		};
		1DEB922408733DC00010E9CD /* Release */ = {
			isa = XCBuildConfiguration;
			buildSettings = {
				ARCHS = "$(ARCHS_STANDARD_32_BIT)";
				GCC_C_LANGUAGE_STANDARD = c99;
				GCC_WARN_ABOUT_RETURN_TYPE = YES;
				GCC_WARN_UNUSED_VARIABLE = YES;
				OTHER_LDFLAGS = "-ObjC";
				PREBINDING = NO;
				SDKROOT = iphoneos3.2;
			};
			name = Release;
		};
/* End XCBuildConfiguration section */

/* Begin XCConfigurationList section */
		1DEB921E08733DC00010E9CD /* Build configuration list for PBXNativeTarget "SubversionKit" */ = {
			isa = XCConfigurationList;
			buildConfigurations = (
				1DEB921F08733DC00010E9CD /* Debug */,
				1DEB922008733DC00010E9CD /* Release */,
			);
			defaultConfigurationIsVisible = 0;
			defaultConfigurationName = Release;
		};
		1DEB922208733DC00010E9CD /* Build configuration list for PBXProject "SubversionKit" */ = {
			isa = XCConfigurationList;
			buildConfigurations = (
				1DEB922308733DC00010E9CD /* Debug */,
				1DEB922408733DC00010E9CD /* Release */,
			);
			defaultConfigurationIsVisible = 0;
			defaultConfigurationName = Release;
		};
/* End XCConfigurationList section */
	};
	rootObject = 0867D690FE84028FC02AAC07 /* Project object */;
}
